
Microsoft Visual Studio Solution File, Format Version 12.00
# Visual Studio Version 17
VisualStudioVersion = 17.4.33213.308
MinimumVisualStudioVersion = 10.0.40219.1
Project("{FAE04EC0-301F-11D3-BF4B-00C04F79EFBC}") = "Esercizio 21 - Iannelli", "Esercizio 21 - Iannelli\Esercizio 21 - Iannelli.csproj", "{8D1D45D5-E9F9-4173-8936-83D507F80DBE}"
EndProject
Global
	GlobalSection(SolutionConfigurationPlatforms) = preSolution
		Debug|Any CPU = Debug|Any CPU
		Release|Any CPU = Release|Any CPU
	EndGlobalSection
	GlobalSection(ProjectConfigurationPlatforms) = postSolution
		{8D1D45D5-E9F9-4173-8936-83D507F80DBE}.Debug|Any CPU.ActiveCfg = Debug|Any CPU
		{8D1D45D5-E9F9-4173-8936-83D507F80DBE}.Debug|Any CPU.Build.0 = Debug|Any CPU
		{8D1D45D5-E9F9-4173-8936-83D507F80DBE}.Release|Any CPU.ActiveCfg = Release|Any CPU
		{8D1D45D5-E9F9-4173-8936-83D507F80DBE}.Release|Any CPU.Build.0 = Release|Any CPU
	EndGlobalSection
	GlobalSection(SolutionProperties) = preSolution
		HideSolutionNode = FALSE
	EndGlobalSection
	GlobalSection(ExtensibilityGlobals) = postSolution
		SolutionGuid = {6764CAAF-22E3-4759-BE58-A301E62F7335}
	EndGlobalSection
EndGlobal
